
Microsoft Visual Studio Solution File, Format Version 12.00
# Visual Studio Version 17
VisualStudioVersion = 17.4.33103.184
MinimumVisualStudioVersion = 10.0.40219.1
Project("{FAE04EC0-301F-11D3-BF4B-00C04F79EFBC}") = "TCS.CaseStudy.EmpManagementSystem", "TCS.CaseStudy.EmpManagementSystem.csproj", "{6DBE170A-659B-4D75-BC7C-3669CFA15926}"
EndProject
Global
	GlobalSection(SolutionConfigurationPlatforms) = preSolution
		Debug|Any CPU = Debug|Any CPU
		Release|Any CPU = Release|Any CPU
	EndGlobalSection
	GlobalSection(ProjectConfigurationPlatforms) = postSolution
		{6DBE170A-659B-4D75-BC7C-3669CFA15926}.Debug|Any CPU.ActiveCfg = Debug|Any CPU
		{6DBE170A-659B-4D75-BC7C-3669CFA15926}.Debug|Any CPU.Build.0 = Debug|Any CPU
		{6DBE170A-659B-4D75-BC7C-3669CFA15926}.Release|Any CPU.ActiveCfg = Release|Any CPU
		{6DBE170A-659B-4D75-BC7C-3669CFA15926}.Release|Any CPU.Build.0 = Release|Any CPU
	EndGlobalSection
	GlobalSection(SolutionProperties) = preSolution
		HideSolutionNode = FALSE
	EndGlobalSection
	GlobalSection(ExtensibilityGlobals) = postSolution
		SolutionGuid = {4304D1C1-A984-4C89-88C6-ACE5E222C6CD}
	EndGlobalSection
EndGlobal
